
Microsoft Visual Studio Solution File, Format Version 12.00
# Visual Studio Version 17
VisualStudioVersion = 17.4.33213.308
MinimumVisualStudioVersion = 10.0.40219.1
Project("{FAE04EC0-301F-11D3-BF4B-00C04F79EFBC}") = "DataStructuresIntro", "DataStructuresIntro\DataStructuresIntro.csproj", "{36C1D40D-8D4E-4E18-8BD8-85374E70D88E}"
EndProject
Global
	GlobalSection(SolutionConfigurationPlatforms) = preSolution
		Debug|Any CPU = Debug|Any CPU
		Release|Any CPU = Release|Any CPU
	EndGlobalSection
	GlobalSection(ProjectConfigurationPlatforms) = postSolution
		{36C1D40D-8D4E-4E18-8BD8-85374E70D88E}.Debug|Any CPU.ActiveCfg = Debug|Any CPU
		{36C1D40D-8D4E-4E18-8BD8-85374E70D88E}.Debug|Any CPU.Build.0 = Debug|Any CPU
		{36C1D40D-8D4E-4E18-8BD8-85374E70D88E}.Release|Any CPU.ActiveCfg = Release|Any CPU
		{36C1D40D-8D4E-4E18-8BD8-85374E70D88E}.Release|Any CPU.Build.0 = Release|Any CPU
	EndGlobalSection
	GlobalSection(SolutionProperties) = preSolution
		HideSolutionNode = FALSE
	EndGlobalSection
	GlobalSection(ExtensibilityGlobals) = postSolution
		SolutionGuid = {D4028FE5-F5CE-4917-AD55-930C5F493373}
	EndGlobalSection
EndGlobal
