
Microsoft Visual Studio Solution File, Format Version 12.00
# Visual Studio Version 17
VisualStudioVersion = 17.4.33213.308
MinimumVisualStudioVersion = 10.0.40219.1
Project("{9A19103F-16F7-4668-BE54-9A1E7A4F7556}") = "DataStructures", "DataStructuresIntro\DataStructures.csproj", "{36C1D40D-8D4E-4E18-8BD8-85374E70D88E}"
EndProject
Project("{9A19103F-16F7-4668-BE54-9A1E7A4F7556}") = "UnitTests", "ExampleTest\UnitTests.csproj", "{DE7A4B2B-4851-43E3-BEE1-B3110066AB1F}"
EndProject
Project("{9A19103F-16F7-4668-BE54-9A1E7A4F7556}") = "PathfindingVisualizer", "PathfindingVisualizer\PathfindingVisualizer.csproj", "{EBBD3A14-787A-4C39-B5DD-25D15D9B7296}"
EndProject
Project("{9A19103F-16F7-4668-BE54-9A1E7A4F7556}") = "UnionFindVisualizer", "UnionFindVisualizer\UnionFindVisualizer.csproj", "{AC521476-259A-4518-B282-3230D4C31C33}"
EndProject
Project("{FAE04EC0-301F-11D3-BF4B-00C04F79EFBC}") = "UnionMazeVisualizer", "UnionMazeVisualizer\UnionMazeVisualizer.csproj", "{AF33C7CC-D30D-4DC3-967F-86DCDAB99DD8}"
EndProject
Global
	GlobalSection(SolutionConfigurationPlatforms) = preSolution
		Debug|Any CPU = Debug|Any CPU
		Release|Any CPU = Release|Any CPU
	EndGlobalSection
	GlobalSection(ProjectConfigurationPlatforms) = postSolution
		{36C1D40D-8D4E-4E18-8BD8-85374E70D88E}.Debug|Any CPU.ActiveCfg = Debug|Any CPU
		{36C1D40D-8D4E-4E18-8BD8-85374E70D88E}.Debug|Any CPU.Build.0 = Debug|Any CPU
		{36C1D40D-8D4E-4E18-8BD8-85374E70D88E}.Release|Any CPU.ActiveCfg = Release|Any CPU
		{36C1D40D-8D4E-4E18-8BD8-85374E70D88E}.Release|Any CPU.Build.0 = Release|Any CPU
		{DE7A4B2B-4851-43E3-BEE1-B3110066AB1F}.Debug|Any CPU.ActiveCfg = Debug|Any CPU
		{DE7A4B2B-4851-43E3-BEE1-B3110066AB1F}.Debug|Any CPU.Build.0 = Debug|Any CPU
		{DE7A4B2B-4851-43E3-BEE1-B3110066AB1F}.Release|Any CPU.ActiveCfg = Release|Any CPU
		{DE7A4B2B-4851-43E3-BEE1-B3110066AB1F}.Release|Any CPU.Build.0 = Release|Any CPU
		{EBBD3A14-787A-4C39-B5DD-25D15D9B7296}.Debug|Any CPU.ActiveCfg = Debug|Any CPU
		{EBBD3A14-787A-4C39-B5DD-25D15D9B7296}.Debug|Any CPU.Build.0 = Debug|Any CPU
		{EBBD3A14-787A-4C39-B5DD-25D15D9B7296}.Release|Any CPU.ActiveCfg = Release|Any CPU
		{EBBD3A14-787A-4C39-B5DD-25D15D9B7296}.Release|Any CPU.Build.0 = Release|Any CPU
		{AC521476-259A-4518-B282-3230D4C31C33}.Debug|Any CPU.ActiveCfg = Debug|Any CPU
		{AC521476-259A-4518-B282-3230D4C31C33}.Debug|Any CPU.Build.0 = Debug|Any CPU
		{AC521476-259A-4518-B282-3230D4C31C33}.Release|Any CPU.ActiveCfg = Release|Any CPU
		{AC521476-259A-4518-B282-3230D4C31C33}.Release|Any CPU.Build.0 = Release|Any CPU
		{AF33C7CC-D30D-4DC3-967F-86DCDAB99DD8}.Debug|Any CPU.ActiveCfg = Debug|Any CPU
		{AF33C7CC-D30D-4DC3-967F-86DCDAB99DD8}.Debug|Any CPU.Build.0 = Debug|Any CPU
		{AF33C7CC-D30D-4DC3-967F-86DCDAB99DD8}.Release|Any CPU.ActiveCfg = Release|Any CPU
		{AF33C7CC-D30D-4DC3-967F-86DCDAB99DD8}.Release|Any CPU.Build.0 = Release|Any CPU
	EndGlobalSection
	GlobalSection(SolutionProperties) = preSolution
		HideSolutionNode = FALSE
	EndGlobalSection
	GlobalSection(ExtensibilityGlobals) = postSolution
		SolutionGuid = {D4028FE5-F5CE-4917-AD55-930C5F493373}
	EndGlobalSection
EndGlobal
